
Microsoft Visual Studio Solution File, Format Version 12.00
# Visual Studio Version 17
VisualStudioVersion = 17.9.34622.214
MinimumVisualStudioVersion = 10.0.40219.1
Project("{2150E333-8FDC-42A3-9474-1A3956D46DE8}") = "FrontEnd", "FrontEnd", "{0259AC97-5485-44D7-8FC5-D2E10A518335}"
EndProject
Project("{2150E333-8FDC-42A3-9474-1A3956D46DE8}") = "Services", "Services", "{FB3F6AB1-788E-4BF9-9A76-F4E24D611E6A}"
EndProject
Project("{FAE04EC0-301F-11D3-BF4B-00C04F79EFBC}") = "GeekShoppingApp", "GeekShoppingApp\GeekShoppingApp.csproj", "{4C754ABA-49B9-4736-974A-569DDCAE5327}"
EndProject
Project("{FAE04EC0-301F-11D3-BF4B-00C04F79EFBC}") = "GeekShoppingAPI", "GeekShoppingAPI\GeekShoppingAPI.csproj", "{19B98E51-8E8E-4172-A88C-CBA76FDCA50C}"
EndProject
Project("{FAE04EC0-301F-11D3-BF4B-00C04F79EFBC}") = "Data", "Data\Data.csproj", "{7A3565DD-AF76-4814-BEA2-E23072191B6E}"
EndProject
Global
	GlobalSection(SolutionConfigurationPlatforms) = preSolution
		Debug|Any CPU = Debug|Any CPU
		Release|Any CPU = Release|Any CPU
	EndGlobalSection
	GlobalSection(ProjectConfigurationPlatforms) = postSolution
		{4C754ABA-49B9-4736-974A-569DDCAE5327}.Debug|Any CPU.ActiveCfg = Debug|Any CPU
		{4C754ABA-49B9-4736-974A-569DDCAE5327}.Debug|Any CPU.Build.0 = Debug|Any CPU
		{4C754ABA-49B9-4736-974A-569DDCAE5327}.Release|Any CPU.ActiveCfg = Release|Any CPU
		{4C754ABA-49B9-4736-974A-569DDCAE5327}.Release|Any CPU.Build.0 = Release|Any CPU
		{19B98E51-8E8E-4172-A88C-CBA76FDCA50C}.Debug|Any CPU.ActiveCfg = Debug|Any CPU
		{19B98E51-8E8E-4172-A88C-CBA76FDCA50C}.Debug|Any CPU.Build.0 = Debug|Any CPU
		{19B98E51-8E8E-4172-A88C-CBA76FDCA50C}.Release|Any CPU.ActiveCfg = Release|Any CPU
		{19B98E51-8E8E-4172-A88C-CBA76FDCA50C}.Release|Any CPU.Build.0 = Release|Any CPU
		{7A3565DD-AF76-4814-BEA2-E23072191B6E}.Debug|Any CPU.ActiveCfg = Debug|Any CPU
		{7A3565DD-AF76-4814-BEA2-E23072191B6E}.Debug|Any CPU.Build.0 = Debug|Any CPU
		{7A3565DD-AF76-4814-BEA2-E23072191B6E}.Release|Any CPU.ActiveCfg = Release|Any CPU
		{7A3565DD-AF76-4814-BEA2-E23072191B6E}.Release|Any CPU.Build.0 = Release|Any CPU
	EndGlobalSection
	GlobalSection(SolutionProperties) = preSolution
		HideSolutionNode = FALSE
	EndGlobalSection
	GlobalSection(NestedProjects) = preSolution
		{4C754ABA-49B9-4736-974A-569DDCAE5327} = {0259AC97-5485-44D7-8FC5-D2E10A518335}
		{19B98E51-8E8E-4172-A88C-CBA76FDCA50C} = {FB3F6AB1-788E-4BF9-9A76-F4E24D611E6A}
		{7A3565DD-AF76-4814-BEA2-E23072191B6E} = {FB3F6AB1-788E-4BF9-9A76-F4E24D611E6A}
	EndGlobalSection
	GlobalSection(ExtensibilityGlobals) = postSolution
		SolutionGuid = {9C41924E-31F4-4EA0-AA2F-47CCDA981FA6}
	EndGlobalSection
EndGlobal
